// !$*UTF8*$!
{
	archiveVersion = 1;
	classes = {
	};
	objectVersion = 56;
	objects = {

/* Begin PBXBuildFile section */
		1B231AE9296F6A0F002374E0 /* XCTestCase+MemoryLeakTracking.swift in Sources */ = {isa = PBXBuildFile; fileRef = 1B51E16C29625A98004A6D4C /* XCTestCase+MemoryLeakTracking.swift */; };
		1B231AEC2970C32C002374E0 /* SearchMovieCell.swift in Sources */ = {isa = PBXBuildFile; fileRef = 1B231AEB2970C32C002374E0 /* SearchMovieCell.swift */; };
		1B231B0A297183E2002374E0 /* UIButton+TestHelpers.swift in Sources */ = {isa = PBXBuildFile; fileRef = 1B231B09297183E2002374E0 /* UIButton+TestHelpers.swift */; };
		1B231B0C29718428002374E0 /* UIImage+TestHelpers.swift in Sources */ = {isa = PBXBuildFile; fileRef = 1B231B0B29718428002374E0 /* UIImage+TestHelpers.swift */; };
		1B231B10297184FB002374E0 /* SearchMovieCell+TestHelpers.swift in Sources */ = {isa = PBXBuildFile; fileRef = 1B231B0F297184FB002374E0 /* SearchMovieCell+TestHelpers.swift */; };
		1B231B122971855B002374E0 /* SearchMoviesViewController+TestHelpers.swift in Sources */ = {isa = PBXBuildFile; fileRef = 1B231B112971855B002374E0 /* SearchMoviesViewController+TestHelpers.swift */; };
		1B231B14297185BB002374E0 /* SearchMoviesViewControllerTests+LoaderSpy.swift in Sources */ = {isa = PBXBuildFile; fileRef = 1B231B13297185BB002374E0 /* SearchMoviesViewControllerTests+LoaderSpy.swift */; };
		1B231B1629718633002374E0 /* SearchMoviesViewControllerTests+Assertions.swift in Sources */ = {isa = PBXBuildFile; fileRef = 1B231B1529718633002374E0 /* SearchMoviesViewControllerTests+Assertions.swift */; };
		1B231B1D2972ED76002374E0 /* MovieRefreshController.swift in Sources */ = {isa = PBXBuildFile; fileRef = 1B231B1C2972ED76002374E0 /* MovieRefreshController.swift */; };
		1B31FCE1296622BB00436703 /* FavouriteMovieLoader.swift in Sources */ = {isa = PBXBuildFile; fileRef = 1B31FCE0296622BB00436703 /* FavouriteMovieLoader.swift */; };
		1B31FCE42966268900436703 /* LoadHiddenMoviesUseCaseTests.swift in Sources */ = {isa = PBXBuildFile; fileRef = 1B31FCE32966268900436703 /* LoadHiddenMoviesUseCaseTests.swift */; };
		1B31FCE72966381300436703 /* HiddenMoviesLoader.swift in Sources */ = {isa = PBXBuildFile; fileRef = 1B31FCE62966381300436703 /* HiddenMoviesLoader.swift */; };
		1B31FCEC29675E3100436703 /* StoreMovieDTO.swift in Sources */ = {isa = PBXBuildFile; fileRef = 1B31FCEB29675E3100436703 /* StoreMovieDTO.swift */; };
		1B31FCF029677F0200436703 /* HiddenMoviesStoreSpy.swift in Sources */ = {isa = PBXBuildFile; fileRef = 1B31FCEF29677F0200436703 /* HiddenMoviesStoreSpy.swift */; };
		1B31FCF22967804C00436703 /* HiddenMoviesStore.swift in Sources */ = {isa = PBXBuildFile; fileRef = 1B31FCF12967804C00436703 /* HiddenMoviesStore.swift */; };
		1B31FCF529678C7500436703 /* CoreDataFavouriteMoviesStoreTests.swift in Sources */ = {isa = PBXBuildFile; fileRef = 1B31FCF429678C7500436703 /* CoreDataFavouriteMoviesStoreTests.swift */; };
		1B31FCF829678D3300436703 /* CoreDataMoviesStore.swift in Sources */ = {isa = PBXBuildFile; fileRef = 1B31FCF729678D3300436703 /* CoreDataMoviesStore.swift */; };
		1B31FCFB2967954900436703 /* MovieStore.xcdatamodeld in Sources */ = {isa = PBXBuildFile; fileRef = 1B31FCF92967954900436703 /* MovieStore.xcdatamodeld */; };
		1B360A4629731FAE003A3C36 /* SearchMovieCellController.swift in Sources */ = {isa = PBXBuildFile; fileRef = 1B360A4529731FAE003A3C36 /* SearchMovieCellController.swift */; };
		1B360A4829738056003A3C36 /* SearchMoviesViewControllerComposer.swift in Sources */ = {isa = PBXBuildFile; fileRef = 1B360A4729738056003A3C36 /* SearchMoviesViewControllerComposer.swift */; };
		1B360A4A29738705003A3C36 /* MoviesViewModel.swift in Sources */ = {isa = PBXBuildFile; fileRef = 1B360A4929738705003A3C36 /* MoviesViewModel.swift */; };
		1B360A4C29743935003A3C36 /* MoviesCellViewModel.swift in Sources */ = {isa = PBXBuildFile; fileRef = 1B360A4B29743935003A3C36 /* MoviesCellViewModel.swift */; };
		1B360A522974400A003A3C36 /* UIView+Shimmering.swift in Sources */ = {isa = PBXBuildFile; fileRef = 1B360A512974400A003A3C36 /* UIView+Shimmering.swift */; };
		1B443FB02974701000E0AED1 /* UITableView+Dequeuing.swift in Sources */ = {isa = PBXBuildFile; fileRef = 1B443FAF2974701000E0AED1 /* UITableView+Dequeuing.swift */; };
		1B443FB229747AC000E0AED1 /* RemoteMovieImageDataLoader.swift in Sources */ = {isa = PBXBuildFile; fileRef = 1B443FB129747AC000E0AED1 /* RemoteMovieImageDataLoader.swift */; };
		1B443FB429747BCE00E0AED1 /* ImageDataLoader.swift in Sources */ = {isa = PBXBuildFile; fileRef = 1B231AEE2970C564002374E0 /* ImageDataLoader.swift */; };
		1B443FBB2974C3F800E0AED1 /* MainQueueDispatchDecorator.swift in Sources */ = {isa = PBXBuildFile; fileRef = 1B443FBA2974C3F800E0AED1 /* MainQueueDispatchDecorator.swift */; };
		1B463B57296F5FC900DD90A9 /* SearchMoviesViewControllerTests.swift in Sources */ = {isa = PBXBuildFile; fileRef = 1B463B56296F5FC800DD90A9 /* SearchMoviesViewControllerTests.swift */; };
		1B51E14B2961E00D004A6D4C /* DomainMovie.swift in Sources */ = {isa = PBXBuildFile; fileRef = 1B51E14A2961E00D004A6D4C /* DomainMovie.swift */; };
		1B51E14D2961E87F004A6D4C /* LoadMovieUseCase.swift in Sources */ = {isa = PBXBuildFile; fileRef = 1B51E14C2961E87F004A6D4C /* LoadMovieUseCase.swift */; };
		1B51E1602961EB0D004A6D4C /* RemoteMovieLoaderTests.swift in Sources */ = {isa = PBXBuildFile; fileRef = 1B51E15F2961EB0D004A6D4C /* RemoteMovieLoaderTests.swift */; };
		1B51E1632961F74A004A6D4C /* RemoteMovieLoader.swift in Sources */ = {isa = PBXBuildFile; fileRef = 1B51E1622961F74A004A6D4C /* RemoteMovieLoader.swift */; };
		1B51E16529623FD7004A6D4C /* HttpClient.swift in Sources */ = {isa = PBXBuildFile; fileRef = 1B51E16429623FD7004A6D4C /* HttpClient.swift */; };
		1B51E16729624066004A6D4C /* MovieItemsMapper.swift in Sources */ = {isa = PBXBuildFile; fileRef = 1B51E16629624066004A6D4C /* MovieItemsMapper.swift */; };
		1B51E16A29624E3E004A6D4C /* URLSessionHTTPClientTests.swift in Sources */ = {isa = PBXBuildFile; fileRef = 1B51E16929624E3E004A6D4C /* URLSessionHTTPClientTests.swift */; };
		1B51E16D29625A98004A6D4C /* XCTestCase+MemoryLeakTracking.swift in Sources */ = {isa = PBXBuildFile; fileRef = 1B51E16C29625A98004A6D4C /* XCTestCase+MemoryLeakTracking.swift */; };
		1B51E16F29626AFF004A6D4C /* URLSessionHTTPClient.swift in Sources */ = {isa = PBXBuildFile; fileRef = 1B51E16E29626AFF004A6D4C /* URLSessionHTTPClient.swift */; };
		1B51E177296311F1004A6D4C /* RemoteUseCaseIEndToEndTests.swift in Sources */ = {isa = PBXBuildFile; fileRef = 1B51E176296311F1004A6D4C /* RemoteUseCaseIEndToEndTests.swift */; };
		1B5EDF5C2969CFAD00560AC2 /* CoreDataHiddenMovieStoreTests.swift in Sources */ = {isa = PBXBuildFile; fileRef = 1B5EDF5B2969CFAD00560AC2 /* CoreDataHiddenMovieStoreTests.swift */; };
		1B5EDF602969E42000560AC2 /* CoreDataHelpers.swift in Sources */ = {isa = PBXBuildFile; fileRef = 1B5EDF5F2969E42000560AC2 /* CoreDataHelpers.swift */; };
		1B5EDF642969E69A00560AC2 /* CoreDataMovieStore+FavouriteMovieStore.swift in Sources */ = {isa = PBXBuildFile; fileRef = 1B5EDF632969E69A00560AC2 /* CoreDataMovieStore+FavouriteMovieStore.swift */; };
		1B5EDF662969E71900560AC2 /* CoreDataMovieStore+HiddenMovieStore.swift in Sources */ = {isa = PBXBuildFile; fileRef = 1B5EDF652969E71900560AC2 /* CoreDataMovieStore+HiddenMovieStore.swift */; };
		1B6CE561296A3C3500FAB478 /* LoadMoviesCompositeAdapterTests.swift in Sources */ = {isa = PBXBuildFile; fileRef = 1B6CE560296A3C3500FAB478 /* LoadMoviesCompositeAdapterTests.swift */; };
		1B6CE564296B769B00FAB478 /* LoadMoviesCompositeAdapter.swift in Sources */ = {isa = PBXBuildFile; fileRef = 1B6CE563296B769B00FAB478 /* LoadMoviesCompositeAdapter.swift */; };
		1B6CE56C296EFD0D00FAB478 /* AppDelegate.swift in Sources */ = {isa = PBXBuildFile; fileRef = 1B6CE56B296EFD0D00FAB478 /* AppDelegate.swift */; };
		1B6CE56E296EFD0D00FAB478 /* SceneDelegate.swift in Sources */ = {isa = PBXBuildFile; fileRef = 1B6CE56D296EFD0D00FAB478 /* SceneDelegate.swift */; };
		1B6CE573296EFD0D00FAB478 /* Main.storyboard in Resources */ = {isa = PBXBuildFile; fileRef = 1B6CE571296EFD0D00FAB478 /* Main.storyboard */; };
		1B6CE575296EFD1300FAB478 /* Assets.xcassets in Resources */ = {isa = PBXBuildFile; fileRef = 1B6CE574296EFD1300FAB478 /* Assets.xcassets */; };
		1B6CE578296EFD1300FAB478 /* LaunchScreen.storyboard in Resources */ = {isa = PBXBuildFile; fileRef = 1B6CE576296EFD1300FAB478 /* LaunchScreen.storyboard */; };
		1B6CE57E296F077300FAB478 /* FavouriteMoviesViewController.swift in Sources */ = {isa = PBXBuildFile; fileRef = 1B6CE57D296F077300FAB478 /* FavouriteMoviesViewController.swift */; };
		1B6CE580296F1FAA00FAB478 /* MovieCell.swift in Sources */ = {isa = PBXBuildFile; fileRef = 1B6CE57F296F1FAA00FAB478 /* MovieCell.swift */; };
		1B6CE583296F268B00FAB478 /* MovieDetailViewController.swift in Sources */ = {isa = PBXBuildFile; fileRef = 1B6CE581296F268B00FAB478 /* MovieDetailViewController.swift */; };
		1B6CE584296F268B00FAB478 /* MovieDetailViewController.xib in Resources */ = {isa = PBXBuildFile; fileRef = 1B6CE582296F268B00FAB478 /* MovieDetailViewController.xib */; };
		1B6CE58A296F343300FAB478 /* SearchMoviesViewController.swift in Sources */ = {isa = PBXBuildFile; fileRef = 1B6CE589296F343300FAB478 /* SearchMoviesViewController.swift */; };
		1B72A9812969BDAE00A42529 /* ManagedFavouriteMovie.swift in Sources */ = {isa = PBXBuildFile; fileRef = 1B72A9802969BDAD00A42529 /* ManagedFavouriteMovie.swift */; };
		1B72A9832969BDBA00A42529 /* ManagedHiddenMovie.swift in Sources */ = {isa = PBXBuildFile; fileRef = 1B72A9822969BDBA00A42529 /* ManagedHiddenMovie.swift */; };
		1B72A9852969BDCD00A42529 /* ManagedMovie.swift in Sources */ = {isa = PBXBuildFile; fileRef = 1B72A9842969BDCD00A42529 /* ManagedMovie.swift */; };
		1B7F6A19296328A1005500D7 /* XCTestCase+MemoryLeakTracking.swift in Sources */ = {isa = PBXBuildFile; fileRef = 1B51E16C29625A98004A6D4C /* XCTestCase+MemoryLeakTracking.swift */; };
		1B7F6A1D296361CB005500D7 /* APIMovie.swift in Sources */ = {isa = PBXBuildFile; fileRef = 1B7F6A1C296361CB005500D7 /* APIMovie.swift */; };
		1B7F6A202964EDF4005500D7 /* AddFavouriteMovieUseCaseTests.swift in Sources */ = {isa = PBXBuildFile; fileRef = 1B7F6A1F2964EDF4005500D7 /* AddFavouriteMovieUseCaseTests.swift */; };
		1B7F6A2329658946005500D7 /* AddFavouriteMovieUseCaseHandler.swift in Sources */ = {isa = PBXBuildFile; fileRef = 1B7F6A2229658946005500D7 /* AddFavouriteMovieUseCaseHandler.swift */; };
		1B7F6A252965898E005500D7 /* FavouriteMoviesStore.swift in Sources */ = {isa = PBXBuildFile; fileRef = 1B7F6A242965898E005500D7 /* FavouriteMoviesStore.swift */; };
		1B7F6A2A29659123005500D7 /* AddFavouriteMovieUseCase.swift in Sources */ = {isa = PBXBuildFile; fileRef = 1B7F6A2929659123005500D7 /* AddFavouriteMovieUseCase.swift */; };
		1B7F6A2D2965946F005500D7 /* HideMovieFromSearchUseCaseTests.swift in Sources */ = {isa = PBXBuildFile; fileRef = 1B7F6A2C2965946F005500D7 /* HideMovieFromSearchUseCaseTests.swift */; };
		1B7F6A3029659D74005500D7 /* HideMovieFromSearchUseCaseHandler.swift in Sources */ = {isa = PBXBuildFile; fileRef = 1B7F6A2F29659D74005500D7 /* HideMovieFromSearchUseCaseHandler.swift */; };
		1B7F6A3229659DD4005500D7 /* HideMovieFromSearchUseCase.swift in Sources */ = {isa = PBXBuildFile; fileRef = 1B7F6A3129659DD4005500D7 /* HideMovieFromSearchUseCase.swift */; };
		1B7F6A352965E476005500D7 /* Equatable+DomainMovieToDTOMovieHelper.swift in Sources */ = {isa = PBXBuildFile; fileRef = 1B7F6A342965E476005500D7 /* Equatable+DomainMovieToDTOMovieHelper.swift */; };
		1B7F6A372965EC48005500D7 /* FavouriteMoviesStoreSpy.swift in Sources */ = {isa = PBXBuildFile; fileRef = 1B7F6A362965EC48005500D7 /* FavouriteMoviesStoreSpy.swift */; };
		1B7F6A392965ECE1005500D7 /* SharedTestHelpers.swift in Sources */ = {isa = PBXBuildFile; fileRef = 1B7F6A382965ECE1005500D7 /* SharedTestHelpers.swift */; };
		1B7F6A3C2965F95E005500D7 /* LoadFavouriteMovieUseCaseTests.swift in Sources */ = {isa = PBXBuildFile; fileRef = 1B7F6A3B2965F95E005500D7 /* LoadFavouriteMovieUseCaseTests.swift */; };
/* End PBXBuildFile section */

/* Begin PBXContainerItemProxy section */
		1B463B4D296F5E5200DD90A9 /* PBXContainerItemProxy */ = {
			isa = PBXContainerItemProxy;
			containerPortal = 1B51E1292961DF95004A6D4C /* Project object */;
			proxyType = 1;
			remoteGlobalIDString = 1B51E1312961DF95004A6D4C;
			remoteInfo = MoviesFramework;
		};
		1B463B58296F5FC900DD90A9 /* PBXContainerItemProxy */ = {
			isa = PBXContainerItemProxy;
			containerPortal = 1B51E1292961DF95004A6D4C /* Project object */;
			proxyType = 1;
			remoteGlobalIDString = 1B6CE568296EFD0D00FAB478;
			remoteInfo = MoviesIOSApp;
		};
		1B51E15A2961EAD0004A6D4C /* PBXContainerItemProxy */ = {
			isa = PBXContainerItemProxy;
			containerPortal = 1B51E1292961DF95004A6D4C /* Project object */;
			proxyType = 1;
			remoteGlobalIDString = 1B51E1312961DF95004A6D4C;
			remoteInfo = MoviesFramework;
		};
		1B51E179296311F1004A6D4C /* PBXContainerItemProxy */ = {
			isa = PBXContainerItemProxy;
			containerPortal = 1B51E1292961DF95004A6D4C /* Project object */;
			proxyType = 1;
			remoteGlobalIDString = 1B51E1312961DF95004A6D4C;
			remoteInfo = MoviesFramework;
		};
/* End PBXContainerItemProxy section */

/* Begin PBXCopyFilesBuildPhase section */
		1B463B4F296F5E5300DD90A9 /* Embed Frameworks */ = {
			isa = PBXCopyFilesBuildPhase;
			buildActionMask = 2147483647;
			dstPath = "";
			dstSubfolderSpec = 10;
			files = (
			);
			name = "Embed Frameworks";
			runOnlyForDeploymentPostprocessing = 0;
		};
/* End PBXCopyFilesBuildPhase section */

/* Begin PBXFileReference section */
		1B231AEB2970C32C002374E0 /* SearchMovieCell.swift */ = {isa = PBXFileReference; lastKnownFileType = sourcecode.swift; path = SearchMovieCell.swift; sourceTree = "<group>"; };
		1B231AEE2970C564002374E0 /* ImageDataLoader.swift */ = {isa = PBXFileReference; lastKnownFileType = sourcecode.swift; path = ImageDataLoader.swift; sourceTree = "<group>"; };
		1B231B09297183E2002374E0 /* UIButton+TestHelpers.swift */ = {isa = PBXFileReference; lastKnownFileType = sourcecode.swift; path = "UIButton+TestHelpers.swift"; sourceTree = "<group>"; };
		1B231B0B29718428002374E0 /* UIImage+TestHelpers.swift */ = {isa = PBXFileReference; lastKnownFileType = sourcecode.swift; path = "UIImage+TestHelpers.swift"; sourceTree = "<group>"; };
		1B231B0F297184FB002374E0 /* SearchMovieCell+TestHelpers.swift */ = {isa = PBXFileReference; lastKnownFileType = sourcecode.swift; path = "SearchMovieCell+TestHelpers.swift"; sourceTree = "<group>"; };
		1B231B112971855B002374E0 /* SearchMoviesViewController+TestHelpers.swift */ = {isa = PBXFileReference; lastKnownFileType = sourcecode.swift; path = "SearchMoviesViewController+TestHelpers.swift"; sourceTree = "<group>"; };
		1B231B13297185BB002374E0 /* SearchMoviesViewControllerTests+LoaderSpy.swift */ = {isa = PBXFileReference; lastKnownFileType = sourcecode.swift; path = "SearchMoviesViewControllerTests+LoaderSpy.swift"; sourceTree = "<group>"; };
		1B231B1529718633002374E0 /* SearchMoviesViewControllerTests+Assertions.swift */ = {isa = PBXFileReference; lastKnownFileType = sourcecode.swift; path = "SearchMoviesViewControllerTests+Assertions.swift"; sourceTree = "<group>"; };
		1B231B172972B484002374E0 /* MoviesFramework.framework */ = {isa = PBXFileReference; explicitFileType = wrapper.framework; includeInIndex = 0; path = MoviesFramework.framework; sourceTree = BUILT_PRODUCTS_DIR; };
		1B231B182972B484002374E0 /* MoviesFrameworkTests.xctest */ = {isa = PBXFileReference; explicitFileType = wrapper.cfbundle; includeInIndex = 0; path = MoviesFrameworkTests.xctest; sourceTree = BUILT_PRODUCTS_DIR; };
		1B231B192972B484002374E0 /* MoviesFrameworkAPIEndToEndTests.xctest */ = {isa = PBXFileReference; explicitFileType = wrapper.cfbundle; includeInIndex = 0; path = MoviesFrameworkAPIEndToEndTests.xctest; sourceTree = BUILT_PRODUCTS_DIR; };
		1B231B1A2972B484002374E0 /* MoviesIOSApp.app */ = {isa = PBXFileReference; explicitFileType = wrapper.application; includeInIndex = 0; path = MoviesIOSApp.app; sourceTree = BUILT_PRODUCTS_DIR; };
		1B231B1B2972B484002374E0 /* MoviesIOSAppTests.xctest */ = {isa = PBXFileReference; explicitFileType = wrapper.cfbundle; includeInIndex = 0; path = MoviesIOSAppTests.xctest; sourceTree = BUILT_PRODUCTS_DIR; };
		1B231B1C2972ED76002374E0 /* MovieRefreshController.swift */ = {isa = PBXFileReference; lastKnownFileType = sourcecode.swift; path = MovieRefreshController.swift; sourceTree = "<group>"; };
		1B31FCE0296622BB00436703 /* FavouriteMovieLoader.swift */ = {isa = PBXFileReference; lastKnownFileType = sourcecode.swift; path = FavouriteMovieLoader.swift; sourceTree = "<group>"; };
		1B31FCE32966268900436703 /* LoadHiddenMoviesUseCaseTests.swift */ = {isa = PBXFileReference; lastKnownFileType = sourcecode.swift; path = LoadHiddenMoviesUseCaseTests.swift; sourceTree = "<group>"; };
		1B31FCE62966381300436703 /* HiddenMoviesLoader.swift */ = {isa = PBXFileReference; lastKnownFileType = sourcecode.swift; path = HiddenMoviesLoader.swift; sourceTree = "<group>"; };
		1B31FCEB29675E3100436703 /* StoreMovieDTO.swift */ = {isa = PBXFileReference; lastKnownFileType = sourcecode.swift; path = StoreMovieDTO.swift; sourceTree = "<group>"; };
		1B31FCEF29677F0200436703 /* HiddenMoviesStoreSpy.swift */ = {isa = PBXFileReference; lastKnownFileType = sourcecode.swift; path = HiddenMoviesStoreSpy.swift; sourceTree = "<group>"; };
		1B31FCF12967804C00436703 /* HiddenMoviesStore.swift */ = {isa = PBXFileReference; lastKnownFileType = sourcecode.swift; path = HiddenMoviesStore.swift; sourceTree = "<group>"; };
		1B31FCF429678C7500436703 /* CoreDataFavouriteMoviesStoreTests.swift */ = {isa = PBXFileReference; lastKnownFileType = sourcecode.swift; path = CoreDataFavouriteMoviesStoreTests.swift; sourceTree = "<group>"; };
		1B31FCF729678D3300436703 /* CoreDataMoviesStore.swift */ = {isa = PBXFileReference; lastKnownFileType = sourcecode.swift; path = CoreDataMoviesStore.swift; sourceTree = "<group>"; };
		1B31FCFA2967954900436703 /* MovieStore.xcdatamodel */ = {isa = PBXFileReference; lastKnownFileType = wrapper.xcdatamodel; path = MovieStore.xcdatamodel; sourceTree = "<group>"; };
		1B360A4529731FAE003A3C36 /* SearchMovieCellController.swift */ = {isa = PBXFileReference; lastKnownFileType = sourcecode.swift; path = SearchMovieCellController.swift; sourceTree = "<group>"; };
		1B360A4729738056003A3C36 /* SearchMoviesViewControllerComposer.swift */ = {isa = PBXFileReference; lastKnownFileType = sourcecode.swift; path = SearchMoviesViewControllerComposer.swift; sourceTree = "<group>"; };
		1B360A4929738705003A3C36 /* MoviesViewModel.swift */ = {isa = PBXFileReference; lastKnownFileType = sourcecode.swift; path = MoviesViewModel.swift; sourceTree = "<group>"; };
		1B360A4B29743935003A3C36 /* MoviesCellViewModel.swift */ = {isa = PBXFileReference; lastKnownFileType = sourcecode.swift; path = MoviesCellViewModel.swift; sourceTree = "<group>"; };
		1B360A512974400A003A3C36 /* UIView+Shimmering.swift */ = {isa = PBXFileReference; lastKnownFileType = sourcecode.swift; path = "UIView+Shimmering.swift"; sourceTree = "<group>"; };
		1B443FAF2974701000E0AED1 /* UITableView+Dequeuing.swift */ = {isa = PBXFileReference; lastKnownFileType = sourcecode.swift; path = "UITableView+Dequeuing.swift"; sourceTree = "<group>"; };
		1B443FB129747AC000E0AED1 /* RemoteMovieImageDataLoader.swift */ = {isa = PBXFileReference; lastKnownFileType = sourcecode.swift; path = RemoteMovieImageDataLoader.swift; sourceTree = "<group>"; };
		1B443FBA2974C3F800E0AED1 /* MainQueueDispatchDecorator.swift */ = {isa = PBXFileReference; lastKnownFileType = sourcecode.swift; path = MainQueueDispatchDecorator.swift; sourceTree = "<group>"; };
		1B463B56296F5FC800DD90A9 /* SearchMoviesViewControllerTests.swift */ = {isa = PBXFileReference; lastKnownFileType = sourcecode.swift; path = SearchMoviesViewControllerTests.swift; sourceTree = "<group>"; };
		1B51E14A2961E00D004A6D4C /* DomainMovie.swift */ = {isa = PBXFileReference; lastKnownFileType = sourcecode.swift; path = DomainMovie.swift; sourceTree = "<group>"; };
		1B51E14C2961E87F004A6D4C /* LoadMovieUseCase.swift */ = {isa = PBXFileReference; lastKnownFileType = sourcecode.swift; path = LoadMovieUseCase.swift; sourceTree = "<group>"; };
		1B51E15F2961EB0D004A6D4C /* RemoteMovieLoaderTests.swift */ = {isa = PBXFileReference; lastKnownFileType = sourcecode.swift; path = RemoteMovieLoaderTests.swift; sourceTree = "<group>"; };
		1B51E1622961F74A004A6D4C /* RemoteMovieLoader.swift */ = {isa = PBXFileReference; lastKnownFileType = sourcecode.swift; path = RemoteMovieLoader.swift; sourceTree = "<group>"; };
		1B51E16429623FD7004A6D4C /* HttpClient.swift */ = {isa = PBXFileReference; lastKnownFileType = sourcecode.swift; path = HttpClient.swift; sourceTree = "<group>"; };
		1B51E16629624066004A6D4C /* MovieItemsMapper.swift */ = {isa = PBXFileReference; lastKnownFileType = sourcecode.swift; path = MovieItemsMapper.swift; sourceTree = "<group>"; };
		1B51E16929624E3E004A6D4C /* URLSessionHTTPClientTests.swift */ = {isa = PBXFileReference; lastKnownFileType = sourcecode.swift; path = URLSessionHTTPClientTests.swift; sourceTree = "<group>"; };
		1B51E16C29625A98004A6D4C /* XCTestCase+MemoryLeakTracking.swift */ = {isa = PBXFileReference; lastKnownFileType = sourcecode.swift; path = "XCTestCase+MemoryLeakTracking.swift"; sourceTree = "<group>"; };
		1B51E16E29626AFF004A6D4C /* URLSessionHTTPClient.swift */ = {isa = PBXFileReference; lastKnownFileType = sourcecode.swift; path = URLSessionHTTPClient.swift; sourceTree = "<group>"; };
		1B51E176296311F1004A6D4C /* RemoteUseCaseIEndToEndTests.swift */ = {isa = PBXFileReference; lastKnownFileType = sourcecode.swift; path = RemoteUseCaseIEndToEndTests.swift; sourceTree = "<group>"; };
		1B5EDF5B2969CFAD00560AC2 /* CoreDataHiddenMovieStoreTests.swift */ = {isa = PBXFileReference; lastKnownFileType = sourcecode.swift; path = CoreDataHiddenMovieStoreTests.swift; sourceTree = "<group>"; };
		1B5EDF5F2969E42000560AC2 /* CoreDataHelpers.swift */ = {isa = PBXFileReference; lastKnownFileType = sourcecode.swift; path = CoreDataHelpers.swift; sourceTree = "<group>"; };
		1B5EDF632969E69A00560AC2 /* CoreDataMovieStore+FavouriteMovieStore.swift */ = {isa = PBXFileReference; lastKnownFileType = sourcecode.swift; path = "CoreDataMovieStore+FavouriteMovieStore.swift"; sourceTree = "<group>"; };
		1B5EDF652969E71900560AC2 /* CoreDataMovieStore+HiddenMovieStore.swift */ = {isa = PBXFileReference; lastKnownFileType = sourcecode.swift; path = "CoreDataMovieStore+HiddenMovieStore.swift"; sourceTree = "<group>"; };
		1B6CE560296A3C3500FAB478 /* LoadMoviesCompositeAdapterTests.swift */ = {isa = PBXFileReference; lastKnownFileType = sourcecode.swift; path = LoadMoviesCompositeAdapterTests.swift; sourceTree = "<group>"; };
		1B6CE563296B769B00FAB478 /* LoadMoviesCompositeAdapter.swift */ = {isa = PBXFileReference; lastKnownFileType = sourcecode.swift; path = LoadMoviesCompositeAdapter.swift; sourceTree = "<group>"; };
		1B6CE56B296EFD0D00FAB478 /* AppDelegate.swift */ = {isa = PBXFileReference; lastKnownFileType = sourcecode.swift; path = AppDelegate.swift; sourceTree = "<group>"; };
		1B6CE56D296EFD0D00FAB478 /* SceneDelegate.swift */ = {isa = PBXFileReference; lastKnownFileType = sourcecode.swift; path = SceneDelegate.swift; sourceTree = "<group>"; };
		1B6CE572296EFD0D00FAB478 /* Base */ = {isa = PBXFileReference; lastKnownFileType = file.storyboard; name = Base; path = Base.lproj/Main.storyboard; sourceTree = "<group>"; };
		1B6CE574296EFD1300FAB478 /* Assets.xcassets */ = {isa = PBXFileReference; lastKnownFileType = folder.assetcatalog; path = Assets.xcassets; sourceTree = "<group>"; };
		1B6CE577296EFD1300FAB478 /* Base */ = {isa = PBXFileReference; lastKnownFileType = file.storyboard; name = Base; path = Base.lproj/LaunchScreen.storyboard; sourceTree = "<group>"; };
		1B6CE579296EFD1300FAB478 /* Info.plist */ = {isa = PBXFileReference; lastKnownFileType = text.plist.xml; path = Info.plist; sourceTree = "<group>"; };
		1B6CE57D296F077300FAB478 /* FavouriteMoviesViewController.swift */ = {isa = PBXFileReference; lastKnownFileType = sourcecode.swift; path = FavouriteMoviesViewController.swift; sourceTree = "<group>"; };
		1B6CE57F296F1FAA00FAB478 /* MovieCell.swift */ = {isa = PBXFileReference; lastKnownFileType = sourcecode.swift; path = MovieCell.swift; sourceTree = "<group>"; };
		1B6CE581296F268B00FAB478 /* MovieDetailViewController.swift */ = {isa = PBXFileReference; lastKnownFileType = sourcecode.swift; path = MovieDetailViewController.swift; sourceTree = "<group>"; };
		1B6CE582296F268B00FAB478 /* MovieDetailViewController.xib */ = {isa = PBXFileReference; lastKnownFileType = file.xib; path = MovieDetailViewController.xib; sourceTree = "<group>"; };
		1B6CE589296F343300FAB478 /* SearchMoviesViewController.swift */ = {isa = PBXFileReference; lastKnownFileType = sourcecode.swift; path = SearchMoviesViewController.swift; sourceTree = "<group>"; };
		1B72A9802969BDAD00A42529 /* ManagedFavouriteMovie.swift */ = {isa = PBXFileReference; lastKnownFileType = sourcecode.swift; path = ManagedFavouriteMovie.swift; sourceTree = "<group>"; };
		1B72A9822969BDBA00A42529 /* ManagedHiddenMovie.swift */ = {isa = PBXFileReference; lastKnownFileType = sourcecode.swift; path = ManagedHiddenMovie.swift; sourceTree = "<group>"; };
		1B72A9842969BDCD00A42529 /* ManagedMovie.swift */ = {isa = PBXFileReference; lastKnownFileType = sourcecode.swift; path = ManagedMovie.swift; sourceTree = "<group>"; };
		1B7F6A1C296361CB005500D7 /* APIMovie.swift */ = {isa = PBXFileReference; lastKnownFileType = sourcecode.swift; path = APIMovie.swift; sourceTree = "<group>"; };
		1B7F6A1F2964EDF4005500D7 /* AddFavouriteMovieUseCaseTests.swift */ = {isa = PBXFileReference; lastKnownFileType = sourcecode.swift; path = AddFavouriteMovieUseCaseTests.swift; sourceTree = "<group>"; };
		1B7F6A2229658946005500D7 /* AddFavouriteMovieUseCaseHandler.swift */ = {isa = PBXFileReference; lastKnownFileType = sourcecode.swift; path = AddFavouriteMovieUseCaseHandler.swift; sourceTree = "<group>"; };
		1B7F6A242965898E005500D7 /* FavouriteMoviesStore.swift */ = {isa = PBXFileReference; lastKnownFileType = sourcecode.swift; path = FavouriteMoviesStore.swift; sourceTree = "<group>"; };
		1B7F6A2929659123005500D7 /* AddFavouriteMovieUseCase.swift */ = {isa = PBXFileReference; lastKnownFileType = sourcecode.swift; path = AddFavouriteMovieUseCase.swift; sourceTree = "<group>"; };
		1B7F6A2C2965946F005500D7 /* HideMovieFromSearchUseCaseTests.swift */ = {isa = PBXFileReference; lastKnownFileType = sourcecode.swift; path = HideMovieFromSearchUseCaseTests.swift; sourceTree = "<group>"; };
		1B7F6A2F29659D74005500D7 /* HideMovieFromSearchUseCaseHandler.swift */ = {isa = PBXFileReference; lastKnownFileType = sourcecode.swift; path = HideMovieFromSearchUseCaseHandler.swift; sourceTree = "<group>"; };
		1B7F6A3129659DD4005500D7 /* HideMovieFromSearchUseCase.swift */ = {isa = PBXFileReference; lastKnownFileType = sourcecode.swift; path = HideMovieFromSearchUseCase.swift; sourceTree = "<group>"; };
		1B7F6A342965E476005500D7 /* Equatable+DomainMovieToDTOMovieHelper.swift */ = {isa = PBXFileReference; lastKnownFileType = sourcecode.swift; path = "Equatable+DomainMovieToDTOMovieHelper.swift"; sourceTree = "<group>"; };
		1B7F6A362965EC48005500D7 /* FavouriteMoviesStoreSpy.swift */ = {isa = PBXFileReference; lastKnownFileType = sourcecode.swift; path = FavouriteMoviesStoreSpy.swift; sourceTree = "<group>"; };
		1B7F6A382965ECE1005500D7 /* SharedTestHelpers.swift */ = {isa = PBXFileReference; lastKnownFileType = sourcecode.swift; path = SharedTestHelpers.swift; sourceTree = "<group>"; };
		1B7F6A3B2965F95E005500D7 /* LoadFavouriteMovieUseCaseTests.swift */ = {isa = PBXFileReference; lastKnownFileType = sourcecode.swift; path = LoadFavouriteMovieUseCaseTests.swift; sourceTree = "<group>"; };
/* End PBXFileReference section */

/* Begin PBXFrameworksBuildPhase section */
		1B463B51296F5FC800DD90A9 /* Frameworks */ = {
			isa = PBXFrameworksBuildPhase;
			buildActionMask = 2147483647;
			files = (
			);
			runOnlyForDeploymentPostprocessing = 0;
		};
		1B51E12F2961DF95004A6D4C /* Frameworks */ = {
			isa = PBXFrameworksBuildPhase;
			buildActionMask = 2147483647;
			files = (
			);
			runOnlyForDeploymentPostprocessing = 0;
		};
		1B51E1522961EAD0004A6D4C /* Frameworks */ = {
			isa = PBXFrameworksBuildPhase;
			buildActionMask = 2147483647;
			files = (
			);
			runOnlyForDeploymentPostprocessing = 0;
		};
		1B51E171296311F1004A6D4C /* Frameworks */ = {
			isa = PBXFrameworksBuildPhase;
			buildActionMask = 2147483647;
			files = (
			);
			runOnlyForDeploymentPostprocessing = 0;
		};
		1B6CE566296EFD0D00FAB478 /* Frameworks */ = {
			isa = PBXFrameworksBuildPhase;
			buildActionMask = 2147483647;
			files = (
			);
			runOnlyForDeploymentPostprocessing = 0;
		};
/* End PBXFrameworksBuildPhase section */

/* Begin PBXGroup section */
		1B231AEA2970C2B5002374E0 /* SearchMovie */ = {
			isa = PBXGroup;
			children = (
				1B360A5029743FB8003A3C36 /* Views */,
				1B360A4D29743F65003A3C36 /* Controllers */,
				1B360A4E29743F82003A3C36 /* ViewModels */,
				1B360A4F29743FA8003A3C36 /* Composer */,
			);
			path = SearchMovie;
			sourceTree = "<group>";
		};
		1B231AF0297164D0002374E0 /* FavouriteMovies */ = {
			isa = PBXGroup;
			children = (
				1B6CE57D296F077300FAB478 /* FavouriteMoviesViewController.swift */,
				1B6CE57F296F1FAA00FAB478 /* MovieCell.swift */,
			);
			path = FavouriteMovies;
			sourceTree = "<group>";
		};
		1B231AF1297164EC002374E0 /* MovieDetail */ = {
			isa = PBXGroup;
			children = (
				1B6CE582296F268B00FAB478 /* MovieDetailViewController.xib */,
				1B6CE581296F268B00FAB478 /* MovieDetailViewController.swift */,
			);
			path = MovieDetail;
			sourceTree = "<group>";
		};
		1B231B0729718365002374E0 /* SearchMovies */ = {
			isa = PBXGroup;
			children = (
				1B231B0829718398002374E0 /* Helpers */,
				1B463B56296F5FC800DD90A9 /* SearchMoviesViewControllerTests.swift */,
			);
			path = SearchMovies;
			sourceTree = "<group>";
		};
		1B231B0829718398002374E0 /* Helpers */ = {
			isa = PBXGroup;
			children = (
				1B231B09297183E2002374E0 /* UIButton+TestHelpers.swift */,
				1B231B0B29718428002374E0 /* UIImage+TestHelpers.swift */,
				1B231B0F297184FB002374E0 /* SearchMovieCell+TestHelpers.swift */,
				1B231B112971855B002374E0 /* SearchMoviesViewController+TestHelpers.swift */,
				1B231B13297185BB002374E0 /* SearchMoviesViewControllerTests+LoaderSpy.swift */,
				1B231B1529718633002374E0 /* SearchMoviesViewControllerTests+Assertions.swift */,
			);
			path = Helpers;
			sourceTree = "<group>";
		};
		1B31FCDF296622A400436703 /* LoadFavouriteMovieUseCase */ = {
			isa = PBXGroup;
			children = (
				1B31FCE0296622BB00436703 /* FavouriteMovieLoader.swift */,
			);
			path = LoadFavouriteMovieUseCase;
			sourceTree = "<group>";
		};
		1B31FCE22966261D00436703 /* LoadHiddenMoviesUseCase */ = {
			isa = PBXGroup;
			children = (
				1B31FCE32966268900436703 /* LoadHiddenMoviesUseCaseTests.swift */,
			);
			path = LoadHiddenMoviesUseCase;
			sourceTree = "<group>";
		};
		1B31FCE5296637F100436703 /* LoadHiddenMoviesUseCase */ = {
			isa = PBXGroup;
			children = (
				1B31FCE62966381300436703 /* HiddenMoviesLoader.swift */,
			);
			path = LoadHiddenMoviesUseCase;
			sourceTree = "<group>";
		};
		1B31FCF329678C4C00436703 /* CoreDataMovieStore */ = {
			isa = PBXGroup;
			children = (
				1B31FCF429678C7500436703 /* CoreDataFavouriteMoviesStoreTests.swift */,
				1B5EDF5B2969CFAD00560AC2 /* CoreDataHiddenMovieStoreTests.swift */,
			);
			path = CoreDataMovieStore;
			sourceTree = "<group>";
		};
		1B360A4D29743F65003A3C36 /* Controllers */ = {
			isa = PBXGroup;
			children = (
				1B231B1C2972ED76002374E0 /* MovieRefreshController.swift */,
				1B360A4529731FAE003A3C36 /* SearchMovieCellController.swift */,
				1B6CE589296F343300FAB478 /* SearchMoviesViewController.swift */,
			);
			path = Controllers;
			sourceTree = "<group>";
		};
		1B360A4E29743F82003A3C36 /* ViewModels */ = {
			isa = PBXGroup;
			children = (
				1B360A4929738705003A3C36 /* MoviesViewModel.swift */,
				1B360A4B29743935003A3C36 /* MoviesCellViewModel.swift */,
			);
			path = ViewModels;
			sourceTree = "<group>";
		};
		1B360A4F29743FA8003A3C36 /* Composer */ = {
			isa = PBXGroup;
			children = (
				1B360A4729738056003A3C36 /* SearchMoviesViewControllerComposer.swift */,
				1B443FBA2974C3F800E0AED1 /* MainQueueDispatchDecorator.swift */,
			);
			path = Composer;
			sourceTree = "<group>";
		};
		1B360A5029743FB8003A3C36 /* Views */ = {
			isa = PBXGroup;
			children = (
				1B231AEB2970C32C002374E0 /* SearchMovieCell.swift */,
				1B360A512974400A003A3C36 /* UIView+Shimmering.swift */,
				1B443FAF2974701000E0AED1 /* UITableView+Dequeuing.swift */,
			);
			path = Views;
			sourceTree = "<group>";
		};
		1B443FB329747B4B00E0AED1 /* ImageLoader */ = {
			isa = PBXGroup;
			children = (
				1B443FB129747AC000E0AED1 /* RemoteMovieImageDataLoader.swift */,
				1B231AEE2970C564002374E0 /* ImageDataLoader.swift */,
			);
			path = ImageLoader;
			sourceTree = "<group>";
		};
		1B463B55296F5FC800DD90A9 /* MoviesIOSAppTests */ = {
			isa = PBXGroup;
			children = (
				1B231B0729718365002374E0 /* SearchMovies */,
			);
			path = MoviesIOSAppTests;
			sourceTree = "<group>";
		};
		1B51E1282961DF95004A6D4C = {
			isa = PBXGroup;
			children = (
				1B51E1342961DF95004A6D4C /* MoviesFramework */,
				1B51E1562961EAD0004A6D4C /* MoviesFrameworkTests */,
				1B51E175296311F1004A6D4C /* RemoteUseCaseIEndToEndTests */,
				1B6CE56A296EFD0D00FAB478 /* MoviesIOSApp */,
				1B463B55296F5FC800DD90A9 /* MoviesIOSAppTests */,
				1B231B172972B484002374E0 /* MoviesFramework.framework */,
				1B231B182972B484002374E0 /* MoviesFrameworkTests.xctest */,
				1B231B192972B484002374E0 /* MoviesFrameworkAPIEndToEndTests.xctest */,
				1B231B1A2972B484002374E0 /* MoviesIOSApp.app */,
				1B231B1B2972B484002374E0 /* MoviesIOSAppTests.xctest */,
			);
			sourceTree = "<group>";
		};
		1B51E1342961DF95004A6D4C /* MoviesFramework */ = {
			isa = PBXGroup;
			children = (
				1B6CE562296B768E00FAB478 /* LoadMoviesCompositeAdapter */,
				1B51E14E2961E93C004A6D4C /* LoadRemoteMovieUseCase */,
				1B31FCDF296622A400436703 /* LoadFavouriteMovieUseCase */,
				1B31FCE5296637F100436703 /* LoadHiddenMoviesUseCase */,
				1B7F6A2E29659D4E005500D7 /* HideMovieFromSearchUseCase */,
				1B7F6A21296588A5005500D7 /* AddFavouriteMovieUseCase */,
				1B7F6A332965A15D005500D7 /* Persistence */,
				1B51E1612961F6FB004A6D4C /* MovieAPI */,
			);
			path = MoviesFramework;
			sourceTree = "<group>";
		};
		1B51E14E2961E93C004A6D4C /* LoadRemoteMovieUseCase */ = {
			isa = PBXGroup;
			children = (
				1B51E1622961F74A004A6D4C /* RemoteMovieLoader.swift */,
				1B51E14C2961E87F004A6D4C /* LoadMovieUseCase.swift */,
				1B51E14A2961E00D004A6D4C /* DomainMovie.swift */,
			);
			path = LoadRemoteMovieUseCase;
			sourceTree = "<group>";
		};
		1B51E1562961EAD0004A6D4C /* MoviesFrameworkTests */ = {
			isa = PBXGroup;
			children = (
				1B6CE55D296A3BD300FAB478 /* LoadMoviesCompositeAdapter */,
				1B51E16B29625A4D004A6D4C /* Helpers */,
				1B31FCE22966261D00436703 /* LoadHiddenMoviesUseCase */,
				1B7F6A2B2965942B005500D7 /* HideMovieFromSearchUseCase */,
				1B7F6A1E2964EDC6005500D7 /* AddFavouriteMovieUseCase */,
				1B7F6A3A2965F84A005500D7 /* LoadFavouriteMovieUseCase */,
				1B51E1682962446D004A6D4C /* LoadRemoteMovieUseCase */,
				1B31FCF329678C4C00436703 /* CoreDataMovieStore */,
			);
			path = MoviesFrameworkTests;
			sourceTree = "<group>";
		};
		1B51E1612961F6FB004A6D4C /* MovieAPI */ = {
			isa = PBXGroup;
			children = (
				1B443FB329747B4B00E0AED1 /* ImageLoader */,
				1B51E16629624066004A6D4C /* MovieItemsMapper.swift */,
				1B7F6A1C296361CB005500D7 /* APIMovie.swift */,
				1B51E16429623FD7004A6D4C /* HttpClient.swift */,
				1B51E16E29626AFF004A6D4C /* URLSessionHTTPClient.swift */,
			);
			path = MovieAPI;
			sourceTree = "<group>";
		};
		1B51E1682962446D004A6D4C /* LoadRemoteMovieUseCase */ = {
			isa = PBXGroup;
			children = (
				1B51E15F2961EB0D004A6D4C /* RemoteMovieLoaderTests.swift */,
				1B51E16929624E3E004A6D4C /* URLSessionHTTPClientTests.swift */,
			);
			path = LoadRemoteMovieUseCase;
			sourceTree = "<group>";
		};
		1B51E16B29625A4D004A6D4C /* Helpers */ = {
			isa = PBXGroup;
			children = (
				1B7F6A382965ECE1005500D7 /* SharedTestHelpers.swift */,
				1B51E16C29625A98004A6D4C /* XCTestCase+MemoryLeakTracking.swift */,
				1B7F6A362965EC48005500D7 /* FavouriteMoviesStoreSpy.swift */,
				1B31FCEF29677F0200436703 /* HiddenMoviesStoreSpy.swift */,
			);
			path = Helpers;
			sourceTree = "<group>";
		};
		1B51E175296311F1004A6D4C /* RemoteUseCaseIEndToEndTests */ = {
			isa = PBXGroup;
			children = (
				1B51E176296311F1004A6D4C /* RemoteUseCaseIEndToEndTests.swift */,
			);
			path = RemoteUseCaseIEndToEndTests;
			sourceTree = "<group>";
		};
		1B5EDF5D2969E1FA00560AC2 /* Infrastructure */ = {
			isa = PBXGroup;
			children = (
				1B5EDF5E2969E29600560AC2 /* CoreData */,
			);
			path = Infrastructure;
			sourceTree = "<group>";
		};
		1B5EDF5E2969E29600560AC2 /* CoreData */ = {
			isa = PBXGroup;
			children = (
				1B5EDF622969E62C00560AC2 /* HideMovie */,
				1B5EDF612969E61F00560AC2 /* FavouriteMovie */,
				1B31FCF729678D3300436703 /* CoreDataMoviesStore.swift */,
				1B72A9842969BDCD00A42529 /* ManagedMovie.swift */,
				1B31FCF92967954900436703 /* MovieStore.xcdatamodeld */,
				1B5EDF5F2969E42000560AC2 /* CoreDataHelpers.swift */,
			);
			path = CoreData;
			sourceTree = "<group>";
		};
		1B5EDF612969E61F00560AC2 /* FavouriteMovie */ = {
			isa = PBXGroup;
			children = (
				1B72A9802969BDAD00A42529 /* ManagedFavouriteMovie.swift */,
				1B5EDF632969E69A00560AC2 /* CoreDataMovieStore+FavouriteMovieStore.swift */,
			);
			path = FavouriteMovie;
			sourceTree = "<group>";
		};
		1B5EDF622969E62C00560AC2 /* HideMovie */ = {
			isa = PBXGroup;
			children = (
				1B5EDF652969E71900560AC2 /* CoreDataMovieStore+HiddenMovieStore.swift */,
				1B72A9822969BDBA00A42529 /* ManagedHiddenMovie.swift */,
			);
			path = HideMovie;
			sourceTree = "<group>";
		};
		1B6CE55D296A3BD300FAB478 /* LoadMoviesCompositeAdapter */ = {
			isa = PBXGroup;
			children = (
				1B6CE560296A3C3500FAB478 /* LoadMoviesCompositeAdapterTests.swift */,
			);
			path = LoadMoviesCompositeAdapter;
			sourceTree = "<group>";
		};
		1B6CE562296B768E00FAB478 /* LoadMoviesCompositeAdapter */ = {
			isa = PBXGroup;
			children = (
				1B6CE563296B769B00FAB478 /* LoadMoviesCompositeAdapter.swift */,
			);
			path = LoadMoviesCompositeAdapter;
			sourceTree = "<group>";
		};
		1B6CE56A296EFD0D00FAB478 /* MoviesIOSApp */ = {
			isa = PBXGroup;
			children = (
				1B231AF1297164EC002374E0 /* MovieDetail */,
				1B231AF0297164D0002374E0 /* FavouriteMovies */,
				1B231AEA2970C2B5002374E0 /* SearchMovie */,
				1B6CE56B296EFD0D00FAB478 /* AppDelegate.swift */,
				1B6CE56D296EFD0D00FAB478 /* SceneDelegate.swift */,
				1B6CE571296EFD0D00FAB478 /* Main.storyboard */,
				1B6CE574296EFD1300FAB478 /* Assets.xcassets */,
				1B6CE576296EFD1300FAB478 /* LaunchScreen.storyboard */,
				1B6CE579296EFD1300FAB478 /* Info.plist */,
			);
			path = MoviesIOSApp;
			sourceTree = "<group>";
		};
		1B7F6A1E2964EDC6005500D7 /* AddFavouriteMovieUseCase */ = {
			isa = PBXGroup;
			children = (
				1B7F6A1F2964EDF4005500D7 /* AddFavouriteMovieUseCaseTests.swift */,
			);
			path = AddFavouriteMovieUseCase;
			sourceTree = "<group>";
		};
		1B7F6A21296588A5005500D7 /* AddFavouriteMovieUseCase */ = {
			isa = PBXGroup;
			children = (
				1B7F6A2229658946005500D7 /* AddFavouriteMovieUseCaseHandler.swift */,
				1B7F6A2929659123005500D7 /* AddFavouriteMovieUseCase.swift */,
			);
			path = AddFavouriteMovieUseCase;
			sourceTree = "<group>";
		};
		1B7F6A2B2965942B005500D7 /* HideMovieFromSearchUseCase */ = {
			isa = PBXGroup;
			children = (
				1B7F6A2C2965946F005500D7 /* HideMovieFromSearchUseCaseTests.swift */,
			);
			path = HideMovieFromSearchUseCase;
			sourceTree = "<group>";
		};
		1B7F6A2E29659D4E005500D7 /* HideMovieFromSearchUseCase */ = {
			isa = PBXGroup;
			children = (
				1B7F6A2F29659D74005500D7 /* HideMovieFromSearchUseCaseHandler.swift */,
				1B7F6A3129659DD4005500D7 /* HideMovieFromSearchUseCase.swift */,
				1B7F6A342965E476005500D7 /* Equatable+DomainMovieToDTOMovieHelper.swift */,
			);
			path = HideMovieFromSearchUseCase;
			sourceTree = "<group>";
		};
		1B7F6A332965A15D005500D7 /* Persistence */ = {
			isa = PBXGroup;
			children = (
				1B5EDF5D2969E1FA00560AC2 /* Infrastructure */,
				1B7F6A242965898E005500D7 /* FavouriteMoviesStore.swift */,
				1B31FCEB29675E3100436703 /* StoreMovieDTO.swift */,
				1B31FCF12967804C00436703 /* HiddenMoviesStore.swift */,
			);
			path = Persistence;
			sourceTree = "<group>";
		};
		1B7F6A3A2965F84A005500D7 /* LoadFavouriteMovieUseCase */ = {
			isa = PBXGroup;
			children = (
				1B7F6A3B2965F95E005500D7 /* LoadFavouriteMovieUseCaseTests.swift */,
			);
			path = LoadFavouriteMovieUseCase;
			sourceTree = "<group>";
		};
/* End PBXGroup section */

/* Begin PBXHeadersBuildPhase section */
		1B51E12D2961DF95004A6D4C /* Headers */ = {
			isa = PBXHeadersBuildPhase;
			buildActionMask = 2147483647;
			files = (
			);
			runOnlyForDeploymentPostprocessing = 0;
		};
/* End PBXHeadersBuildPhase section */

/* Begin PBXNativeTarget section */
		1B463B53296F5FC800DD90A9 /* MoviesIOSAppTests */ = {
			isa = PBXNativeTarget;
			buildConfigurationList = 1B463B5A296F5FC900DD90A9 /* Build configuration list for PBXNativeTarget "MoviesIOSAppTests" */;
			buildPhases = (
				1B463B50296F5FC800DD90A9 /* Sources */,
				1B463B51296F5FC800DD90A9 /* Frameworks */,
				1B463B52296F5FC800DD90A9 /* Resources */,
			);
			buildRules = (
			);
			dependencies = (
				1B463B59296F5FC900DD90A9 /* PBXTargetDependency */,
			);
			name = MoviesIOSAppTests;
			productName = MoviesIOSAppTests;
			productReference = 1B231B1B2972B484002374E0 /* MoviesIOSAppTests.xctest */;
			productType = "com.apple.product-type.bundle.unit-test";
		};
		1B51E1312961DF95004A6D4C /* MoviesFramework */ = {
			isa = PBXNativeTarget;
			buildConfigurationList = 1B51E1442961DF96004A6D4C /* Build configuration list for PBXNativeTarget "MoviesFramework" */;
			buildPhases = (
				1B51E12D2961DF95004A6D4C /* Headers */,
				1B51E12E2961DF95004A6D4C /* Sources */,
				1B51E12F2961DF95004A6D4C /* Frameworks */,
				1B51E1302961DF95004A6D4C /* Resources */,
			);
			buildRules = (
			);
			dependencies = (
			);
			name = MoviesFramework;
			productName = MoviesFramework;
			productReference = 1B231B172972B484002374E0 /* MoviesFramework.framework */;
			productType = "com.apple.product-type.framework";
		};
		1B51E1542961EAD0004A6D4C /* MoviesFrameworkTests */ = {
			isa = PBXNativeTarget;
			buildConfigurationList = 1B51E15C2961EAD0004A6D4C /* Build configuration list for PBXNativeTarget "MoviesFrameworkTests" */;
			buildPhases = (
				1B51E1512961EAD0004A6D4C /* Sources */,
				1B51E1522961EAD0004A6D4C /* Frameworks */,
				1B51E1532961EAD0004A6D4C /* Resources */,
			);
			buildRules = (
			);
			dependencies = (
				1B51E15B2961EAD0004A6D4C /* PBXTargetDependency */,
			);
			name = MoviesFrameworkTests;
			productName = MoviesFrameworkTests;
			productReference = 1B231B182972B484002374E0 /* MoviesFrameworkTests.xctest */;
			productType = "com.apple.product-type.bundle.unit-test";
		};
		1B51E173296311F1004A6D4C /* MoviesFrameworkAPIEndToEndTests */ = {
			isa = PBXNativeTarget;
			buildConfigurationList = 1B51E17B296311F1004A6D4C /* Build configuration list for PBXNativeTarget "MoviesFrameworkAPIEndToEndTests" */;
			buildPhases = (
				1B51E170296311F1004A6D4C /* Sources */,
				1B51E171296311F1004A6D4C /* Frameworks */,
				1B51E172296311F1004A6D4C /* Resources */,
			);
			buildRules = (
			);
			dependencies = (
				1B51E17A296311F1004A6D4C /* PBXTargetDependency */,
			);
			name = MoviesFrameworkAPIEndToEndTests;
			productName = MoviesFrameworkAPIEndToEndTests;
			productReference = 1B231B192972B484002374E0 /* MoviesFrameworkAPIEndToEndTests.xctest */;
			productType = "com.apple.product-type.bundle.unit-test";
		};
		1B6CE568296EFD0D00FAB478 /* MoviesIOSApp */ = {
			isa = PBXNativeTarget;
			buildConfigurationList = 1B6CE57A296EFD1300FAB478 /* Build configuration list for PBXNativeTarget "MoviesIOSApp" */;
			buildPhases = (
				1B6CE565296EFD0D00FAB478 /* Sources */,
				1B6CE566296EFD0D00FAB478 /* Frameworks */,
				1B6CE567296EFD0D00FAB478 /* Resources */,
				1B463B4F296F5E5300DD90A9 /* Embed Frameworks */,
			);
			buildRules = (
			);
			dependencies = (
				1B463B4E296F5E5200DD90A9 /* PBXTargetDependency */,
			);
			name = MoviesIOSApp;
			productName = MoviesIOSApp;
			productReference = 1B231B1A2972B484002374E0 /* MoviesIOSApp.app */;
			productType = "com.apple.product-type.application";
		};
/* End PBXNativeTarget section */

/* Begin PBXProject section */
		1B51E1292961DF95004A6D4C /* Project object */ = {
			isa = PBXProject;
			attributes = {
				BuildIndependentTargetsInParallel = 1;
				LastSwiftUpdateCheck = 1410;
				LastUpgradeCheck = 1410;
				TargetAttributes = {
					1B463B53296F5FC800DD90A9 = {
						CreatedOnToolsVersion = 14.1;
						TestTargetID = 1B6CE568296EFD0D00FAB478;
					};
					1B51E1312961DF95004A6D4C = {
						CreatedOnToolsVersion = 14.1;
						LastSwiftMigration = 1410;
					};
					1B51E1542961EAD0004A6D4C = {
						CreatedOnToolsVersion = 14.1;
						LastSwiftMigration = 1410;
					};
					1B51E173296311F1004A6D4C = {
						CreatedOnToolsVersion = 14.1;
					};
					1B6CE568296EFD0D00FAB478 = {
						CreatedOnToolsVersion = 14.1;
					};
				};
			};
			buildConfigurationList = 1B51E12C2961DF95004A6D4C /* Build configuration list for PBXProject "MoviesFramework" */;
			compatibilityVersion = "Xcode 14.0";
			developmentRegion = en;
			hasScannedForEncodings = 0;
			knownRegions = (
				en,
				Base,
			);
			mainGroup = 1B51E1282961DF95004A6D4C;
			productRefGroup = 1B51E1282961DF95004A6D4C;
			projectDirPath = "";
			projectRoot = "";
			targets = (
				1B51E1312961DF95004A6D4C /* MoviesFramework */,
				1B51E1542961EAD0004A6D4C /* MoviesFrameworkTests */,
				1B51E173296311F1004A6D4C /* MoviesFrameworkAPIEndToEndTests */,
				1B6CE568296EFD0D00FAB478 /* MoviesIOSApp */,
				1B463B53296F5FC800DD90A9 /* MoviesIOSAppTests */,
			);
		};
/* End PBXProject section */

/* Begin PBXResourcesBuildPhase section */
		1B463B52296F5FC800DD90A9 /* Resources */ = {
			isa = PBXResourcesBuildPhase;
			buildActionMask = 2147483647;
			files = (
			);
			runOnlyForDeploymentPostprocessing = 0;
		};
		1B51E1302961DF95004A6D4C /* Resources */ = {
			isa = PBXResourcesBuildPhase;
			buildActionMask = 2147483647;
			files = (
			);
			runOnlyForDeploymentPostprocessing = 0;
		};
		1B51E1532961EAD0004A6D4C /* Resources */ = {
			isa = PBXResourcesBuildPhase;
			buildActionMask = 2147483647;
			files = (
			);
			runOnlyForDeploymentPostprocessing = 0;
		};
		1B51E172296311F1004A6D4C /* Resources */ = {
			isa = PBXResourcesBuildPhase;
			buildActionMask = 2147483647;
			files = (
			);
			runOnlyForDeploymentPostprocessing = 0;
		};
		1B6CE567296EFD0D00FAB478 /* Resources */ = {
			isa = PBXResourcesBuildPhase;
			buildActionMask = 2147483647;
			files = (
				1B6CE584296F268B00FAB478 /* MovieDetailViewController.xib in Resources */,
				1B6CE578296EFD1300FAB478 /* LaunchScreen.storyboard in Resources */,
				1B6CE575296EFD1300FAB478 /* Assets.xcassets in Resources */,
				1B6CE573296EFD0D00FAB478 /* Main.storyboard in Resources */,
			);
			runOnlyForDeploymentPostprocessing = 0;
		};
/* End PBXResourcesBuildPhase section */

/* Begin PBXSourcesBuildPhase section */
		1B463B50296F5FC800DD90A9 /* Sources */ = {
			isa = PBXSourcesBuildPhase;
			buildActionMask = 2147483647;
			files = (
				1B463B57296F5FC900DD90A9 /* SearchMoviesViewControllerTests.swift in Sources */,
				1B231B122971855B002374E0 /* SearchMoviesViewController+TestHelpers.swift in Sources */,
				1B231AE9296F6A0F002374E0 /* XCTestCase+MemoryLeakTracking.swift in Sources */,
				1B231B0A297183E2002374E0 /* UIButton+TestHelpers.swift in Sources */,
				1B231B1629718633002374E0 /* SearchMoviesViewControllerTests+Assertions.swift in Sources */,
				1B231B14297185BB002374E0 /* SearchMoviesViewControllerTests+LoaderSpy.swift in Sources */,
				1B231B0C29718428002374E0 /* UIImage+TestHelpers.swift in Sources */,
				1B231B10297184FB002374E0 /* SearchMovieCell+TestHelpers.swift in Sources */,
			);
			runOnlyForDeploymentPostprocessing = 0;
		};
		1B51E12E2961DF95004A6D4C /* Sources */ = {
			isa = PBXSourcesBuildPhase;
			buildActionMask = 2147483647;
			files = (
				1B31FCE72966381300436703 /* HiddenMoviesLoader.swift in Sources */,
				1B7F6A2A29659123005500D7 /* AddFavouriteMovieUseCase.swift in Sources */,
				1B31FCEC29675E3100436703 /* StoreMovieDTO.swift in Sources */,
				1B443FB229747AC000E0AED1 /* RemoteMovieImageDataLoader.swift in Sources */,
				1B443FB429747BCE00E0AED1 /* ImageDataLoader.swift in Sources */,
				1B31FCE1296622BB00436703 /* FavouriteMovieLoader.swift in Sources */,
				1B7F6A352965E476005500D7 /* Equatable+DomainMovieToDTOMovieHelper.swift in Sources */,
				1B7F6A1D296361CB005500D7 /* APIMovie.swift in Sources */,
				1B7F6A252965898E005500D7 /* FavouriteMoviesStore.swift in Sources */,
				1B7F6A3029659D74005500D7 /* HideMovieFromSearchUseCaseHandler.swift in Sources */,
				1B51E1632961F74A004A6D4C /* RemoteMovieLoader.swift in Sources */,
				1B51E14D2961E87F004A6D4C /* LoadMovieUseCase.swift in Sources */,
				1B5EDF602969E42000560AC2 /* CoreDataHelpers.swift in Sources */,
				1B72A9832969BDBA00A42529 /* ManagedHiddenMovie.swift in Sources */,
				1B5EDF642969E69A00560AC2 /* CoreDataMovieStore+FavouriteMovieStore.swift in Sources */,
				1B5EDF662969E71900560AC2 /* CoreDataMovieStore+HiddenMovieStore.swift in Sources */,
				1B51E16529623FD7004A6D4C /* HttpClient.swift in Sources */,
				1B51E16729624066004A6D4C /* MovieItemsMapper.swift in Sources */,
				1B7F6A3229659DD4005500D7 /* HideMovieFromSearchUseCase.swift in Sources */,
				1B31FCF829678D3300436703 /* CoreDataMoviesStore.swift in Sources */,
				1B7F6A2329658946005500D7 /* AddFavouriteMovieUseCaseHandler.swift in Sources */,
				1B51E14B2961E00D004A6D4C /* DomainMovie.swift in Sources */,
				1B6CE564296B769B00FAB478 /* LoadMoviesCompositeAdapter.swift in Sources */,
				1B72A9812969BDAE00A42529 /* ManagedFavouriteMovie.swift in Sources */,
				1B72A9852969BDCD00A42529 /* ManagedMovie.swift in Sources */,
				1B31FCFB2967954900436703 /* MovieStore.xcdatamodeld in Sources */,
				1B51E16F29626AFF004A6D4C /* URLSessionHTTPClient.swift in Sources */,
				1B31FCF22967804C00436703 /* HiddenMoviesStore.swift in Sources */,
			);
			runOnlyForDeploymentPostprocessing = 0;
		};
		1B51E1512961EAD0004A6D4C /* Sources */ = {
			isa = PBXSourcesBuildPhase;
			buildActionMask = 2147483647;
			files = (
				1B7F6A3C2965F95E005500D7 /* LoadFavouriteMovieUseCaseTests.swift in Sources */,
				1B5EDF5C2969CFAD00560AC2 /* CoreDataHiddenMovieStoreTests.swift in Sources */,
				1B31FCE42966268900436703 /* LoadHiddenMoviesUseCaseTests.swift in Sources */,
				1B7F6A202964EDF4005500D7 /* AddFavouriteMovieUseCaseTests.swift in Sources */,
				1B51E1602961EB0D004A6D4C /* RemoteMovieLoaderTests.swift in Sources */,
				1B7F6A392965ECE1005500D7 /* SharedTestHelpers.swift in Sources */,
				1B51E16A29624E3E004A6D4C /* URLSessionHTTPClientTests.swift in Sources */,
				1B6CE561296A3C3500FAB478 /* LoadMoviesCompositeAdapterTests.swift in Sources */,
				1B7F6A372965EC48005500D7 /* FavouriteMoviesStoreSpy.swift in Sources */,
				1B31FCF529678C7500436703 /* CoreDataFavouriteMoviesStoreTests.swift in Sources */,
				1B7F6A2D2965946F005500D7 /* HideMovieFromSearchUseCaseTests.swift in Sources */,
				1B51E16D29625A98004A6D4C /* XCTestCase+MemoryLeakTracking.swift in Sources */,
				1B31FCF029677F0200436703 /* HiddenMoviesStoreSpy.swift in Sources */,
			);
			runOnlyForDeploymentPostprocessing = 0;
		};
		1B51E170296311F1004A6D4C /* Sources */ = {
			isa = PBXSourcesBuildPhase;
			buildActionMask = 2147483647;
			files = (
				1B51E177296311F1004A6D4C /* RemoteUseCaseIEndToEndTests.swift in Sources */,
				1B7F6A19296328A1005500D7 /* XCTestCase+MemoryLeakTracking.swift in Sources */,
			);
			runOnlyForDeploymentPostprocessing = 0;
		};
		1B6CE565296EFD0D00FAB478 /* Sources */ = {
			isa = PBXSourcesBuildPhase;
			buildActionMask = 2147483647;
			files = (
				1B6CE56C296EFD0D00FAB478 /* AppDelegate.swift in Sources */,
				1B443FBB2974C3F800E0AED1 /* MainQueueDispatchDecorator.swift in Sources */,
				1B231B1D2972ED76002374E0 /* MovieRefreshController.swift in Sources */,
				1B360A4629731FAE003A3C36 /* SearchMovieCellController.swift in Sources */,
				1B360A522974400A003A3C36 /* UIView+Shimmering.swift in Sources */,
				1B6CE583296F268B00FAB478 /* MovieDetailViewController.swift in Sources */,
				1B6CE57E296F077300FAB478 /* FavouriteMoviesViewController.swift in Sources */,
				1B6CE580296F1FAA00FAB478 /* MovieCell.swift in Sources */,
				1B360A4A29738705003A3C36 /* MoviesViewModel.swift in Sources */,
				1B360A4C29743935003A3C36 /* MoviesCellViewModel.swift in Sources */,
				1B360A4829738056003A3C36 /* SearchMoviesViewControllerComposer.swift in Sources */,
				1B443FB02974701000E0AED1 /* UITableView+Dequeuing.swift in Sources */,
				1B231AEC2970C32C002374E0 /* SearchMovieCell.swift in Sources */,
				1B6CE58A296F343300FAB478 /* SearchMoviesViewController.swift in Sources */,
				1B6CE56E296EFD0D00FAB478 /* SceneDelegate.swift in Sources */,
			);
			runOnlyForDeploymentPostprocessing = 0;
		};
/* End PBXSourcesBuildPhase section */

/* Begin PBXTargetDependency section */
		1B463B4E296F5E5200DD90A9 /* PBXTargetDependency */ = {
			isa = PBXTargetDependency;
			target = 1B51E1312961DF95004A6D4C /* MoviesFramework */;
			targetProxy = 1B463B4D296F5E5200DD90A9 /* PBXContainerItemProxy */;
		};
		1B463B59296F5FC900DD90A9 /* PBXTargetDependency */ = {
			isa = PBXTargetDependency;
			target = 1B6CE568296EFD0D00FAB478 /* MoviesIOSApp */;
			targetProxy = 1B463B58296F5FC900DD90A9 /* PBXContainerItemProxy */;
		};
		1B51E15B2961EAD0004A6D4C /* PBXTargetDependency */ = {
			isa = PBXTargetDependency;
			target = 1B51E1312961DF95004A6D4C /* MoviesFramework */;
			targetProxy = 1B51E15A2961EAD0004A6D4C /* PBXContainerItemProxy */;
		};
		1B51E17A296311F1004A6D4C /* PBXTargetDependency */ = {
			isa = PBXTargetDependency;
			target = 1B51E1312961DF95004A6D4C /* MoviesFramework */;
			targetProxy = 1B51E179296311F1004A6D4C /* PBXContainerItemProxy */;
		};
/* End PBXTargetDependency section */

/* Begin PBXVariantGroup section */
		1B6CE571296EFD0D00FAB478 /* Main.storyboard */ = {
			isa = PBXVariantGroup;
			children = (
				1B6CE572296EFD0D00FAB478 /* Base */,
			);
			name = Main.storyboard;
			sourceTree = "<group>";
		};
		1B6CE576296EFD1300FAB478 /* LaunchScreen.storyboard */ = {
			isa = PBXVariantGroup;
			children = (
				1B6CE577296EFD1300FAB478 /* Base */,
			);
			name = LaunchScreen.storyboard;
			sourceTree = "<group>";
		};
/* End PBXVariantGroup section */

/* Begin XCBuildConfiguration section */
		1B463B5B296F5FC900DD90A9 /* Debug */ = {
			isa = XCBuildConfiguration;
			buildSettings = {
				BUNDLE_LOADER = "$(TEST_HOST)";
				CODE_SIGN_STYLE = Automatic;
				CURRENT_PROJECT_VERSION = 1;
				GENERATE_INFOPLIST_FILE = YES;
				IPHONEOS_DEPLOYMENT_TARGET = 16.1;
				MARKETING_VERSION = 1.0;
				PRODUCT_BUNDLE_IDENTIFIER = mehtab.MoviesIOSAppTests;
				PRODUCT_NAME = "$(TARGET_NAME)";
				SDKROOT = iphoneos;
				SWIFT_EMIT_LOC_STRINGS = NO;
				SWIFT_VERSION = 5.0;
				TARGETED_DEVICE_FAMILY = "1,2";
				TEST_HOST = "$(BUILT_PRODUCTS_DIR)/MoviesIOSApp.app/$(BUNDLE_EXECUTABLE_FOLDER_PATH)/MoviesIOSApp";
			};
			name = Debug;
		};
		1B463B5C296F5FC900DD90A9 /* Release */ = {
			isa = XCBuildConfiguration;
			buildSettings = {
				BUNDLE_LOADER = "$(TEST_HOST)";
				CODE_SIGN_STYLE = Automatic;
				CURRENT_PROJECT_VERSION = 1;
				GENERATE_INFOPLIST_FILE = YES;
				IPHONEOS_DEPLOYMENT_TARGET = 16.1;
				MARKETING_VERSION = 1.0;
				PRODUCT_BUNDLE_IDENTIFIER = mehtab.MoviesIOSAppTests;
				PRODUCT_NAME = "$(TARGET_NAME)";
				SDKROOT = iphoneos;
				SWIFT_EMIT_LOC_STRINGS = NO;
				SWIFT_VERSION = 5.0;
				TARGETED_DEVICE_FAMILY = "1,2";
				TEST_HOST = "$(BUILT_PRODUCTS_DIR)/MoviesIOSApp.app/$(BUNDLE_EXECUTABLE_FOLDER_PATH)/MoviesIOSApp";
				VALIDATE_PRODUCT = YES;
			};
			name = Release;
		};
		1B51E1422961DF96004A6D4C /* Debug */ = {
			isa = XCBuildConfiguration;
			buildSettings = {
				ALWAYS_SEARCH_USER_PATHS = NO;
				CLANG_ANALYZER_NONNULL = YES;
				CLANG_ANALYZER_NUMBER_OBJECT_CONVERSION = YES_AGGRESSIVE;
				CLANG_CXX_LANGUAGE_STANDARD = "gnu++20";
				CLANG_ENABLE_MODULES = YES;
				CLANG_ENABLE_OBJC_ARC = YES;
				CLANG_ENABLE_OBJC_WEAK = YES;
				CLANG_WARN_BLOCK_CAPTURE_AUTORELEASING = YES;
				CLANG_WARN_BOOL_CONVERSION = YES;
				CLANG_WARN_COMMA = YES;
				CLANG_WARN_CONSTANT_CONVERSION = YES;
				CLANG_WARN_DEPRECATED_OBJC_IMPLEMENTATIONS = YES;
				CLANG_WARN_DIRECT_OBJC_ISA_USAGE = YES_ERROR;
				CLANG_WARN_DOCUMENTATION_COMMENTS = YES;
				CLANG_WARN_EMPTY_BODY = YES;
				CLANG_WARN_ENUM_CONVERSION = YES;
				CLANG_WARN_INFINITE_RECURSION = YES;
				CLANG_WARN_INT_CONVERSION = YES;
				CLANG_WARN_NON_LITERAL_NULL_CONVERSION = YES;
				CLANG_WARN_OBJC_IMPLICIT_RETAIN_SELF = YES;
				CLANG_WARN_OBJC_LITERAL_CONVERSION = YES;
				CLANG_WARN_OBJC_ROOT_CLASS = YES_ERROR;
				CLANG_WARN_QUOTED_INCLUDE_IN_FRAMEWORK_HEADER = YES;
				CLANG_WARN_RANGE_LOOP_ANALYSIS = YES;
				CLANG_WARN_STRICT_PROTOTYPES = YES;
				CLANG_WARN_SUSPICIOUS_MOVE = YES;
				CLANG_WARN_UNGUARDED_AVAILABILITY = YES_AGGRESSIVE;
				CLANG_WARN_UNREACHABLE_CODE = YES;
				CLANG_WARN__DUPLICATE_METHOD_MATCH = YES;
				COPY_PHASE_STRIP = NO;
				CURRENT_PROJECT_VERSION = 1;
				DEBUG_INFORMATION_FORMAT = dwarf;
				ENABLE_STRICT_OBJC_MSGSEND = YES;
				ENABLE_TESTABILITY = YES;
				GCC_C_LANGUAGE_STANDARD = gnu11;
				GCC_DYNAMIC_NO_PIC = NO;
				GCC_NO_COMMON_BLOCKS = YES;
				GCC_OPTIMIZATION_LEVEL = 0;
				GCC_PREPROCESSOR_DEFINITIONS = (
					"DEBUG=1",
					"$(inherited)",
				);
				GCC_WARN_64_TO_32_BIT_CONVERSION = YES;
				GCC_WARN_ABOUT_RETURN_TYPE = YES_ERROR;
				GCC_WARN_UNDECLARED_SELECTOR = YES;
				GCC_WARN_UNINITIALIZED_AUTOS = YES_AGGRESSIVE;
				GCC_WARN_UNUSED_FUNCTION = YES;
				GCC_WARN_UNUSED_VARIABLE = YES;
				MACOSX_DEPLOYMENT_TARGET = 13.0;
				MTL_ENABLE_DEBUG_INFO = INCLUDE_SOURCE;
				MTL_FAST_MATH = YES;
				ONLY_ACTIVE_ARCH = YES;
				SDKROOT = macosx;
				SWIFT_ACTIVE_COMPILATION_CONDITIONS = DEBUG;
				SWIFT_OPTIMIZATION_LEVEL = "-Onone";
				VERSIONING_SYSTEM = "apple-generic";
				VERSION_INFO_PREFIX = "";
			};
			name = Debug;
		};
		1B51E1432961DF96004A6D4C /* Release */ = {
			isa = XCBuildConfiguration;
			buildSettings = {
				ALWAYS_SEARCH_USER_PATHS = NO;
				CLANG_ANALYZER_NONNULL = YES;
				CLANG_ANALYZER_NUMBER_OBJECT_CONVERSION = YES_AGGRESSIVE;
				CLANG_CXX_LANGUAGE_STANDARD = "gnu++20";
				CLANG_ENABLE_MODULES = YES;
				CLANG_ENABLE_OBJC_ARC = YES;
				CLANG_ENABLE_OBJC_WEAK = YES;
				CLANG_WARN_BLOCK_CAPTURE_AUTORELEASING = YES;
				CLANG_WARN_BOOL_CONVERSION = YES;
				CLANG_WARN_COMMA = YES;
				CLANG_WARN_CONSTANT_CONVERSION = YES;
				CLANG_WARN_DEPRECATED_OBJC_IMPLEMENTATIONS = YES;
				CLANG_WARN_DIRECT_OBJC_ISA_USAGE = YES_ERROR;
				CLANG_WARN_DOCUMENTATION_COMMENTS = YES;
				CLANG_WARN_EMPTY_BODY = YES;
				CLANG_WARN_ENUM_CONVERSION = YES;
				CLANG_WARN_INFINITE_RECURSION = YES;
				CLANG_WARN_INT_CONVERSION = YES;
				CLANG_WARN_NON_LITERAL_NULL_CONVERSION = YES;
				CLANG_WARN_OBJC_IMPLICIT_RETAIN_SELF = YES;
				CLANG_WARN_OBJC_LITERAL_CONVERSION = YES;
				CLANG_WARN_OBJC_ROOT_CLASS = YES_ERROR;
				CLANG_WARN_QUOTED_INCLUDE_IN_FRAMEWORK_HEADER = YES;
				CLANG_WARN_RANGE_LOOP_ANALYSIS = YES;
				CLANG_WARN_STRICT_PROTOTYPES = YES;
				CLANG_WARN_SUSPICIOUS_MOVE = YES;
				CLANG_WARN_UNGUARDED_AVAILABILITY = YES_AGGRESSIVE;
				CLANG_WARN_UNREACHABLE_CODE = YES;
				CLANG_WARN__DUPLICATE_METHOD_MATCH = YES;
				COPY_PHASE_STRIP = NO;
				CURRENT_PROJECT_VERSION = 1;
				DEBUG_INFORMATION_FORMAT = "dwarf-with-dsym";
				ENABLE_NS_ASSERTIONS = NO;
				ENABLE_STRICT_OBJC_MSGSEND = YES;
				GCC_C_LANGUAGE_STANDARD = gnu11;
				GCC_NO_COMMON_BLOCKS = YES;
				GCC_WARN_64_TO_32_BIT_CONVERSION = YES;
				GCC_WARN_ABOUT_RETURN_TYPE = YES_ERROR;
				GCC_WARN_UNDECLARED_SELECTOR = YES;
				GCC_WARN_UNINITIALIZED_AUTOS = YES_AGGRESSIVE;
				GCC_WARN_UNUSED_FUNCTION = YES;
				GCC_WARN_UNUSED_VARIABLE = YES;
				MACOSX_DEPLOYMENT_TARGET = 13.0;
				MTL_ENABLE_DEBUG_INFO = NO;
				MTL_FAST_MATH = YES;
				SDKROOT = macosx;
				SWIFT_COMPILATION_MODE = wholemodule;
				SWIFT_OPTIMIZATION_LEVEL = "-O";
				VERSIONING_SYSTEM = "apple-generic";
				VERSION_INFO_PREFIX = "";
			};
			name = Release;
		};
		1B51E1452961DF96004A6D4C /* Debug */ = {
			isa = XCBuildConfiguration;
			buildSettings = {
				CLANG_ENABLE_MODULES = YES;
				CODE_SIGN_STYLE = Automatic;
				COMBINE_HIDPI_IMAGES = YES;
				CURRENT_PROJECT_VERSION = 1;
				DEFINES_MODULE = YES;
				DYLIB_COMPATIBILITY_VERSION = 1;
				DYLIB_CURRENT_VERSION = 1;
				DYLIB_INSTALL_NAME_BASE = "@rpath";
				GENERATE_INFOPLIST_FILE = YES;
				INFOPLIST_KEY_NSHumanReadableCopyright = "";
				INSTALL_PATH = "$(LOCAL_LIBRARY_DIR)/Frameworks";
				LD_RUNPATH_SEARCH_PATHS = (
					"$(inherited)",
					"@executable_path/../Frameworks",
					"@loader_path/Frameworks",
				);
				MARKETING_VERSION = 1.0;
				PRODUCT_BUNDLE_IDENTIFIER = mehtabAhmed.MoviesFramework;
				PRODUCT_NAME = "$(TARGET_NAME:c99extidentifier)";
				SKIP_INSTALL = YES;
				SUPPORTED_PLATFORMS = "macosx iphoneos iphonesimulator";
				SWIFT_EMIT_LOC_STRINGS = YES;
				SWIFT_OPTIMIZATION_LEVEL = "-Onone";
				SWIFT_VERSION = 5.0;
			};
			name = Debug;
		};
		1B51E1462961DF96004A6D4C /* Release */ = {
			isa = XCBuildConfiguration;
			buildSettings = {
				CLANG_ENABLE_MODULES = YES;
				CODE_SIGN_STYLE = Automatic;
				COMBINE_HIDPI_IMAGES = YES;
				CURRENT_PROJECT_VERSION = 1;
				DEFINES_MODULE = YES;
				DYLIB_COMPATIBILITY_VERSION = 1;
				DYLIB_CURRENT_VERSION = 1;
				DYLIB_INSTALL_NAME_BASE = "@rpath";
				GENERATE_INFOPLIST_FILE = YES;
				INFOPLIST_KEY_NSHumanReadableCopyright = "";
				INSTALL_PATH = "$(LOCAL_LIBRARY_DIR)/Frameworks";
				LD_RUNPATH_SEARCH_PATHS = (
					"$(inherited)",
					"@executable_path/../Frameworks",
					"@loader_path/Frameworks",
				);
				MARKETING_VERSION = 1.0;
				PRODUCT_BUNDLE_IDENTIFIER = mehtabAhmed.MoviesFramework;
				PRODUCT_NAME = "$(TARGET_NAME:c99extidentifier)";
				SKIP_INSTALL = YES;
				SUPPORTED_PLATFORMS = "macosx iphoneos iphonesimulator";
				SWIFT_EMIT_LOC_STRINGS = YES;
				SWIFT_VERSION = 5.0;
			};
			name = Release;
		};
		1B51E15D2961EAD0004A6D4C /* Debug */ = {
			isa = XCBuildConfiguration;
			buildSettings = {
				CLANG_ENABLE_MODULES = YES;
				CODE_SIGN_STYLE = Automatic;
				CURRENT_PROJECT_VERSION = 1;
				GENERATE_INFOPLIST_FILE = YES;
				LD_RUNPATH_SEARCH_PATHS = (
					"$(inherited)",
					"@executable_path/../Frameworks",
					"@loader_path/../Frameworks",
				);
				MARKETING_VERSION = 1.0;
				PRODUCT_BUNDLE_IDENTIFIER = mehtabAhmed.MoviesFrameworkTests;
				PRODUCT_NAME = "$(TARGET_NAME)";
				SUPPORTED_PLATFORMS = "macosx iphoneos iphonesimulator";
				SWIFT_EMIT_LOC_STRINGS = NO;
				SWIFT_OPTIMIZATION_LEVEL = "-Onone";
				SWIFT_VERSION = 5.0;
			};
			name = Debug;
		};
		1B51E15E2961EAD0004A6D4C /* Release */ = {
			isa = XCBuildConfiguration;
			buildSettings = {
				CLANG_ENABLE_MODULES = YES;
				CODE_SIGN_STYLE = Automatic;
				CURRENT_PROJECT_VERSION = 1;
				GENERATE_INFOPLIST_FILE = YES;
				LD_RUNPATH_SEARCH_PATHS = (
					"$(inherited)",
					"@executable_path/../Frameworks",
					"@loader_path/../Frameworks",
				);
				MARKETING_VERSION = 1.0;
				PRODUCT_BUNDLE_IDENTIFIER = mehtabAhmed.MoviesFrameworkTests;
				PRODUCT_NAME = "$(TARGET_NAME)";
				SUPPORTED_PLATFORMS = "macosx iphoneos iphonesimulator";
				SWIFT_EMIT_LOC_STRINGS = NO;
				SWIFT_VERSION = 5.0;
			};
			name = Release;
		};
		1B51E17C296311F1004A6D4C /* Debug */ = {
			isa = XCBuildConfiguration;
			buildSettings = {
				CODE_SIGN_STYLE = Automatic;
				CURRENT_PROJECT_VERSION = 1;
				GENERATE_INFOPLIST_FILE = YES;
				MARKETING_VERSION = 1.0;
				PRODUCT_BUNDLE_IDENTIFIER = mehtabAhmed.MoviesFrameworkAPIEndToEndTests;
				PRODUCT_NAME = "$(TARGET_NAME)";
				SUPPORTED_PLATFORMS = "macosx iphonesimulator iphoneos";
				SWIFT_EMIT_LOC_STRINGS = NO;
				SWIFT_VERSION = 5.0;
			};
			name = Debug;
		};
		1B51E17D296311F1004A6D4C /* Release */ = {
			isa = XCBuildConfiguration;
			buildSettings = {
				CODE_SIGN_STYLE = Automatic;
				CURRENT_PROJECT_VERSION = 1;
				GENERATE_INFOPLIST_FILE = YES;
				MARKETING_VERSION = 1.0;
				PRODUCT_BUNDLE_IDENTIFIER = mehtabAhmed.MoviesFrameworkAPIEndToEndTests;
				PRODUCT_NAME = "$(TARGET_NAME)";
				SUPPORTED_PLATFORMS = "macosx iphonesimulator iphoneos";
				SWIFT_EMIT_LOC_STRINGS = NO;
				SWIFT_VERSION = 5.0;
			};
			name = Release;
		};
		1B6CE57B296EFD1300FAB478 /* Debug */ = {
			isa = XCBuildConfiguration;
			buildSettings = {
				ASSETCATALOG_COMPILER_APPICON_NAME = AppIcon;
				ASSETCATALOG_COMPILER_GLOBAL_ACCENT_COLOR_NAME = AccentColor;
				CODE_SIGN_STYLE = Automatic;
				CURRENT_PROJECT_VERSION = 1;
				GENERATE_INFOPLIST_FILE = YES;
				INFOPLIST_FILE = MoviesIOSApp/Info.plist;
				INFOPLIST_KEY_CFBundleDisplayName = Movies;
				INFOPLIST_KEY_UIApplicationSupportsIndirectInputEvents = YES;
				INFOPLIST_KEY_UILaunchStoryboardName = LaunchScreen;
				INFOPLIST_KEY_UIMainStoryboardFile = Main;
				INFOPLIST_KEY_UISupportedInterfaceOrientations = UIInterfaceOrientationPortrait;
				INFOPLIST_KEY_UISupportedInterfaceOrientations_iPad = "UIInterfaceOrientationLandscapeLeft UIInterfaceOrientationLandscapeRight UIInterfaceOrientationPortrait UIInterfaceOrientationPortraitUpsideDown";
				IPHONEOS_DEPLOYMENT_TARGET = 16.1;
				LD_RUNPATH_SEARCH_PATHS = (
					"$(inherited)",
					"@executable_path/Frameworks",
				);
				MARKETING_VERSION = 1.0;
				PRODUCT_BUNDLE_IDENTIFIER = mehtab.MoviesIOSApp;
				PRODUCT_NAME = "$(TARGET_NAME)";
				SDKROOT = iphoneos;
				SUPPORTED_PLATFORMS = "iphoneos iphonesimulator";
				SUPPORTS_MACCATALYST = NO;
				SUPPORTS_MAC_DESIGNED_FOR_IPHONE_IPAD = NO;
				SWIFT_EMIT_LOC_STRINGS = YES;
				SWIFT_VERSION = 5.0;
				TARGETED_DEVICE_FAMILY = 1;
			};
			name = Debug;
		};
		1B6CE57C296EFD1300FAB478 /* Release */ = {
			isa = XCBuildConfiguration;
			buildSettings = {
				ASSETCATALOG_COMPILER_APPICON_NAME = AppIcon;
				ASSETCATALOG_COMPILER_GLOBAL_ACCENT_COLOR_NAME = AccentColor;
				CODE_SIGN_STYLE = Automatic;
				CURRENT_PROJECT_VERSION = 1;
				GENERATE_INFOPLIST_FILE = YES;
				INFOPLIST_FILE = MoviesIOSApp/Info.plist;
				INFOPLIST_KEY_CFBundleDisplayName = Movies;
				INFOPLIST_KEY_UIApplicationSupportsIndirectInputEvents = YES;
				INFOPLIST_KEY_UILaunchStoryboardName = LaunchScreen;
				INFOPLIST_KEY_UIMainStoryboardFile = Main;
				INFOPLIST_KEY_UISupportedInterfaceOrientations = UIInterfaceOrientationPortrait;
				INFOPLIST_KEY_UISupportedInterfaceOrientations_iPad = "UIInterfaceOrientationLandscapeLeft UIInterfaceOrientationLandscapeRight UIInterfaceOrientationPortrait UIInterfaceOrientationPortraitUpsideDown";
				IPHONEOS_DEPLOYMENT_TARGET = 16.1;
				LD_RUNPATH_SEARCH_PATHS = (
					"$(inherited)",
					"@executable_path/Frameworks",
				);
				MARKETING_VERSION = 1.0;
				PRODUCT_BUNDLE_IDENTIFIER = mehtab.MoviesIOSApp;
				PRODUCT_NAME = "$(TARGET_NAME)";
				SDKROOT = iphoneos;
				SUPPORTED_PLATFORMS = "iphoneos iphonesimulator";
				SUPPORTS_MACCATALYST = NO;
				SUPPORTS_MAC_DESIGNED_FOR_IPHONE_IPAD = NO;
				SWIFT_EMIT_LOC_STRINGS = YES;
				SWIFT_VERSION = 5.0;
				TARGETED_DEVICE_FAMILY = 1;
				VALIDATE_PRODUCT = YES;
			};
			name = Release;
		};
/* End XCBuildConfiguration section */

/* Begin XCConfigurationList section */
		1B463B5A296F5FC900DD90A9 /* Build configuration list for PBXNativeTarget "MoviesIOSAppTests" */ = {
			isa = XCConfigurationList;
			buildConfigurations = (
				1B463B5B296F5FC900DD90A9 /* Debug */,
				1B463B5C296F5FC900DD90A9 /* Release */,
			);
			defaultConfigurationIsVisible = 0;
			defaultConfigurationName = Release;
		};
		1B51E12C2961DF95004A6D4C /* Build configuration list for PBXProject "MoviesFramework" */ = {
			isa = XCConfigurationList;
			buildConfigurations = (
				1B51E1422961DF96004A6D4C /* Debug */,
				1B51E1432961DF96004A6D4C /* Release */,
			);
			defaultConfigurationIsVisible = 0;
			defaultConfigurationName = Release;
		};
		1B51E1442961DF96004A6D4C /* Build configuration list for PBXNativeTarget "MoviesFramework" */ = {
			isa = XCConfigurationList;
			buildConfigurations = (
				1B51E1452961DF96004A6D4C /* Debug */,
				1B51E1462961DF96004A6D4C /* Release */,
			);
			defaultConfigurationIsVisible = 0;
			defaultConfigurationName = Release;
		};
		1B51E15C2961EAD0004A6D4C /* Build configuration list for PBXNativeTarget "MoviesFrameworkTests" */ = {
			isa = XCConfigurationList;
			buildConfigurations = (
				1B51E15D2961EAD0004A6D4C /* Debug */,
				1B51E15E2961EAD0004A6D4C /* Release */,
			);
			defaultConfigurationIsVisible = 0;
			defaultConfigurationName = Release;
		};
		1B51E17B296311F1004A6D4C /* Build configuration list for PBXNativeTarget "MoviesFrameworkAPIEndToEndTests" */ = {
			isa = XCConfigurationList;
			buildConfigurations = (
				1B51E17C296311F1004A6D4C /* Debug */,
				1B51E17D296311F1004A6D4C /* Release */,
			);
			defaultConfigurationIsVisible = 0;
			defaultConfigurationName = Release;
		};
		1B6CE57A296EFD1300FAB478 /* Build configuration list for PBXNativeTarget "MoviesIOSApp" */ = {
			isa = XCConfigurationList;
			buildConfigurations = (
				1B6CE57B296EFD1300FAB478 /* Debug */,
				1B6CE57C296EFD1300FAB478 /* Release */,
			);
			defaultConfigurationIsVisible = 0;
			defaultConfigurationName = Release;
		};
/* End XCConfigurationList section */

/* Begin XCVersionGroup section */
		1B31FCF92967954900436703 /* MovieStore.xcdatamodeld */ = {
			isa = XCVersionGroup;
			children = (
				1B31FCFA2967954900436703 /* MovieStore.xcdatamodel */,
			);
			currentVersion = 1B31FCFA2967954900436703 /* MovieStore.xcdatamodel */;
			path = MovieStore.xcdatamodeld;
			sourceTree = "<group>";
			versionGroupType = wrapper.xcdatamodel;
		};
/* End XCVersionGroup section */
	};
	rootObject = 1B51E1292961DF95004A6D4C /* Project object */;
}
